
Microsoft Visual Studio Solution File, Format Version 12.00
# Visual Studio Version 16
VisualStudioVersion = 16.0.31105.61
MinimumVisualStudioVersion = 10.0.40219.1
Project("{9A19103F-16F7-4668-BE54-9A1E7A4F7556}") = "MyRPG1", "MyRPG1\MyRPG1.csproj", "{054BCBE7-0E13-4FF2-8A7A-1F19674BC8F0}"
EndProject
Project("{9A19103F-16F7-4668-BE54-9A1E7A4F7556}") = "Engine", "Engine\Engine.csproj", "{B6E8687C-2B95-4E78-B077-679B908671C5}"
EndProject
Global
	GlobalSection(SolutionConfigurationPlatforms) = preSolution
		Debug|Any CPU = Debug|Any CPU
		Release|Any CPU = Release|Any CPU
	EndGlobalSection
	GlobalSection(ProjectConfigurationPlatforms) = postSolution
		{054BCBE7-0E13-4FF2-8A7A-1F19674BC8F0}.Debug|Any CPU.ActiveCfg = Debug|Any CPU
		{054BCBE7-0E13-4FF2-8A7A-1F19674BC8F0}.Debug|Any CPU.Build.0 = Debug|Any CPU
		{054BCBE7-0E13-4FF2-8A7A-1F19674BC8F0}.Release|Any CPU.ActiveCfg = Release|Any CPU
		{054BCBE7-0E13-4FF2-8A7A-1F19674BC8F0}.Release|Any CPU.Build.0 = Release|Any CPU
		{B6E8687C-2B95-4E78-B077-679B908671C5}.Debug|Any CPU.ActiveCfg = Debug|Any CPU
		{B6E8687C-2B95-4E78-B077-679B908671C5}.Debug|Any CPU.Build.0 = Debug|Any CPU
		{B6E8687C-2B95-4E78-B077-679B908671C5}.Release|Any CPU.ActiveCfg = Release|Any CPU
		{B6E8687C-2B95-4E78-B077-679B908671C5}.Release|Any CPU.Build.0 = Release|Any CPU
	EndGlobalSection
	GlobalSection(SolutionProperties) = preSolution
		HideSolutionNode = FALSE
	EndGlobalSection
	GlobalSection(ExtensibilityGlobals) = postSolution
		SolutionGuid = {5D648AEE-53B8-448F-A3DA-AC9AC3E6EE75}
	EndGlobalSection
EndGlobal
